
Microsoft Visual Studio Solution File, Format Version 12.00
# Visual Studio 15
VisualStudioVersion = 15.0.27703.2026
MinimumVisualStudioVersion = 10.0.40219.1
Project("{FAE04EC0-301F-11D3-BF4B-00C04F79EFBC}") = "AngularJSAuthentication.API", "AngularJSAuthentication.API\AngularJSAuthentication.API.csproj", "{23DFCFD5-B158-4C0D-9C31-5E9CB64C64CF}"
EndProject
Project("{FAE04EC0-301F-11D3-BF4B-00C04F79EFBC}") = "AngularJSAuthentication.Web", "AngularJSAuthentication.Web\AngularJSAuthentication.Web.csproj", "{E4156422-2684-4222-95C2-4B9AE4CBA7E3}"
EndProject
Project("{FAE04EC0-301F-11D3-BF4B-00C04F79EFBC}") = "AngularJSAuthentication.ResourceServer", "AngularJSAuthentication.ResourceServer\AngularJSAuthentication.ResourceServer.csproj", "{69BC6280-CF91-409C-81BF-28B95417ACBF}"
EndProject
Project("{FAE04EC0-301F-11D3-BF4B-00C04F79EFBC}") = "LeadWomb.Data", "LeadWomb.Data\LeadWomb.Data.csproj", "{2C7B1CCD-C437-4FE5-9D3D-2FAC673C979C}"
EndProject
Project("{FAE04EC0-301F-11D3-BF4B-00C04F79EFBC}") = "LeadWomb.Model", "LeadWomb.Model\LeadWomb.Model.csproj", "{BFFEC3D0-7332-40B4-94AE-788F149F147E}"
EndProject
Project("{2150E333-8FDC-42A3-9474-1A3956D46DE8}") = "Scripts", "Scripts", "{81F82DB7-064E-4969-8575-D41C3C3DDC3F}"
EndProject
Project("{FAE04EC0-301F-11D3-BF4B-00C04F79EFBC}") = "LeadsPullJob.Data", "..\..\LeadPullJob\LeadsPullJob.Data\LeadsPullJob.Data.csproj", "{A21E2229-382E-422D-96CC-9B7BC9421C8D}"
EndProject
Global
	GlobalSection(SolutionConfigurationPlatforms) = preSolution
		Debug|Any CPU = Debug|Any CPU
		Release|Any CPU = Release|Any CPU
	EndGlobalSection
	GlobalSection(ProjectConfigurationPlatforms) = postSolution
		{23DFCFD5-B158-4C0D-9C31-5E9CB64C64CF}.Debug|Any CPU.ActiveCfg = Debug|Any CPU
		{23DFCFD5-B158-4C0D-9C31-5E9CB64C64CF}.Debug|Any CPU.Build.0 = Debug|Any CPU
		{23DFCFD5-B158-4C0D-9C31-5E9CB64C64CF}.Release|Any CPU.ActiveCfg = Release|Any CPU
		{23DFCFD5-B158-4C0D-9C31-5E9CB64C64CF}.Release|Any CPU.Build.0 = Release|Any CPU
		{E4156422-2684-4222-95C2-4B9AE4CBA7E3}.Debug|Any CPU.ActiveCfg = Debug|Any CPU
		{E4156422-2684-4222-95C2-4B9AE4CBA7E3}.Debug|Any CPU.Build.0 = Debug|Any CPU
		{E4156422-2684-4222-95C2-4B9AE4CBA7E3}.Release|Any CPU.ActiveCfg = Release|Any CPU
		{E4156422-2684-4222-95C2-4B9AE4CBA7E3}.Release|Any CPU.Build.0 = Release|Any CPU
		{69BC6280-CF91-409C-81BF-28B95417ACBF}.Debug|Any CPU.ActiveCfg = Debug|Any CPU
		{69BC6280-CF91-409C-81BF-28B95417ACBF}.Debug|Any CPU.Build.0 = Debug|Any CPU
		{69BC6280-CF91-409C-81BF-28B95417ACBF}.Release|Any CPU.ActiveCfg = Release|Any CPU
		{69BC6280-CF91-409C-81BF-28B95417ACBF}.Release|Any CPU.Build.0 = Release|Any CPU
		{2C7B1CCD-C437-4FE5-9D3D-2FAC673C979C}.Debug|Any CPU.ActiveCfg = Debug|Any CPU
		{2C7B1CCD-C437-4FE5-9D3D-2FAC673C979C}.Debug|Any CPU.Build.0 = Debug|Any CPU
		{2C7B1CCD-C437-4FE5-9D3D-2FAC673C979C}.Release|Any CPU.ActiveCfg = Release|Any CPU
		{2C7B1CCD-C437-4FE5-9D3D-2FAC673C979C}.Release|Any CPU.Build.0 = Release|Any CPU
		{BFFEC3D0-7332-40B4-94AE-788F149F147E}.Debug|Any CPU.ActiveCfg = Debug|Any CPU
		{BFFEC3D0-7332-40B4-94AE-788F149F147E}.Debug|Any CPU.Build.0 = Debug|Any CPU
		{BFFEC3D0-7332-40B4-94AE-788F149F147E}.Release|Any CPU.ActiveCfg = Release|Any CPU
		{BFFEC3D0-7332-40B4-94AE-788F149F147E}.Release|Any CPU.Build.0 = Release|Any CPU
		{A21E2229-382E-422D-96CC-9B7BC9421C8D}.Debug|Any CPU.ActiveCfg = Debug|Any CPU
		{A21E2229-382E-422D-96CC-9B7BC9421C8D}.Debug|Any CPU.Build.0 = Debug|Any CPU
		{A21E2229-382E-422D-96CC-9B7BC9421C8D}.Release|Any CPU.ActiveCfg = Release|Any CPU
		{A21E2229-382E-422D-96CC-9B7BC9421C8D}.Release|Any CPU.Build.0 = Release|Any CPU
	EndGlobalSection
	GlobalSection(SolutionProperties) = preSolution
		HideSolutionNode = FALSE
	EndGlobalSection
	GlobalSection(ExtensibilityGlobals) = postSolution
		SolutionGuid = {0D51D68F-80CF-4F17-91B7-D31AD7BC597B}
	EndGlobalSection
EndGlobal
